{
  "name": "capacitor-biometric-auth",
  "version": "0.1.1",
  "lockfileVersion": 3,
  "requires": true,
  "packages": {
    "": {
      "name": "capacitor-biometric-auth",
      "version": "0.1.1",
      "license": "MIT",
      "dependencies": {
        "@capacitor/core": "latest"
      },
      "devDependencies": {
        "@capacitor/android": "^4.0.0",
        "@capacitor/core": "^4.0.0",
        "@capacitor/ios": "^4.0.0",
        "typescript": "^3.2.4"
      }
    },
    "node_modules/@capacitor/android": {
      "version": "4.7.3",
      "resolved": "https://registry.npmjs.org/@capacitor/android/-/android-4.7.3.tgz",
      "integrity": "sha512-TmVg7vbAt6Iw0FWc51dLlW1gRMtSeIQ6qVLFJ1/sl2SYLXpgCHh8v/LfhqQ93NurgM+6SKFxOycGgg1FIBaLGw==",
      "dev": true,
      "peerDependencies": {
        "@capacitor/core": "^4.7.0"
      }
    },
    "node_modules/@capacitor/core": {
      "version": "4.7.3",
      "resolved": "https://registry.npmjs.org/@capacitor/core/-/core-4.7.3.tgz",
      "integrity": "sha512-IDhJapHqfJNpSlq89M0quOZGb08uOUZhVhyRDdrGUrwa4ttFoWeX/Vi9F+b9bffsDRKkSLF0BhzA9TH7ko5c3A==",
      "dev": true,
      "dependencies": {
        "tslib": "^2.1.0"
      }
    },
    "node_modules/@capacitor/ios": {
      "version": "4.7.3",
      "resolved": "https://registry.npmjs.org/@capacitor/ios/-/ios-4.7.3.tgz",
      "integrity": "sha512-CXVvEzg9WWyhGdLSZsWfa69RyNlKH03g4OKpWh9OW0A7uL4aYA8Z7m4jE4mCu/2TTWDEgUPp0BrWEDPaj73eow==",
      "dev": true,
      "peerDependencies": {
        "@capacitor/core": "^4.7.0"
      }
    },
    "node_modules/tslib": {
      "version": "2.5.0",
      "resolved": "https://registry.npmjs.org/tslib/-/tslib-2.5.0.tgz",
      "integrity": "sha512-336iVw3rtn2BUK7ORdIAHTyxHGRIHVReokCR3XjbckJMK7ms8FysBfhLR8IXnAgy7T0PTPNBWKiH514FOW/WSg==",
      "dev": true
    },
    "node_modules/typescript": {
      "version": "3.5.2",
      "resolved": "https://registry.npmjs.org/typescript/-/typescript-3.5.2.tgz",
      "integrity": "sha512-7KxJovlYhTX5RaRbUdkAXN1KUZ8PwWlTzQdHV6xNqvuFOs7+WBo10TQUqT19Q/Jz2hk5v9TQDIhyLhhJY4p5AA==",
      "dev": true,
      "bin": {
        "tsc": "bin/tsc",
        "tsserver": "bin/tsserver"
      },
      "engines": {
        "node": ">=4.2.0"
      }
    }
  }
}
