PODS:
  - Capacitor (4.7.3):
    - CapacitorCordova
  - CapacitorCordova (1.2.1)

DEPENDENCIES:
  - "Capacitor (from `../node_modules/@capacitor/ios`)"

SPEC REPOS:
  trunk:
    - CapacitorCordova

EXTERNAL SOURCES:
  Capacitor:
    :path: "../node_modules/@capacitor/ios"

SPEC CHECKSUMS:
  Capacitor: 736ef58c1aff08d3142fe3be9c7d928e47ee461d
  CapacitorCordova: 806e405d02de22c10a9b20a2ee4fb3f097cfb8a5

PODFILE CHECKSUM: e80ffb7ef3a0ac7d0d6143f3e64f287d4d027c84

COCOAPODS: 1.11.2
